
Microsoft Visual Studio Solution File, Format Version 12.00
# Visual Studio Version 16
VisualStudioVersion = 16.0.32802.440
MinimumVisualStudioVersion = 10.0.40219.1
Project("{FAE04EC0-301F-11D3-BF4B-00C04F79EFBC}") = "AzureExampleWithDB", "AzureExampleWithDB.csproj", "{3585828E-A96D-4845-BFC9-4CDC41C4F541}"
EndProject
Global
	GlobalSection(SolutionConfigurationPlatforms) = preSolution
		Debug|Any CPU = Debug|Any CPU
		Release|Any CPU = Release|Any CPU
	EndGlobalSection
	GlobalSection(ProjectConfigurationPlatforms) = postSolution
		{3585828E-A96D-4845-BFC9-4CDC41C4F541}.Debug|Any CPU.ActiveCfg = Debug|Any CPU
		{3585828E-A96D-4845-BFC9-4CDC41C4F541}.Debug|Any CPU.Build.0 = Debug|Any CPU
		{3585828E-A96D-4845-BFC9-4CDC41C4F541}.Release|Any CPU.ActiveCfg = Release|Any CPU
		{3585828E-A96D-4845-BFC9-4CDC41C4F541}.Release|Any CPU.Build.0 = Release|Any CPU
	EndGlobalSection
	GlobalSection(SolutionProperties) = preSolution
		HideSolutionNode = FALSE
	EndGlobalSection
	GlobalSection(ExtensibilityGlobals) = postSolution
		SolutionGuid = {2D85324E-CFA6-4C93-977B-AD647DE9BF67}
	EndGlobalSection
EndGlobal
